// !$*UTF8*$!
{
	archiveVersion = 1;
	classes = {
	};
	objectVersion = 77;
	objects = {

/* Begin PBXBuildFile section */
		A3068D312E07D2D700F9FA33 /* NoteBrainShareExtension.appex in Embed Foundation Extensions */ = {isa = PBXBuildFile; fileRef = A3068D272E07D2D700F9FA33 /* NoteBrainShareExtension.appex */; settings = {ATTRIBUTES = (RemoveHeadersOnCopy, ); }; };
/* End PBXBuildFile section */

/* Begin PBXContainerItemProxy section */
		A3068D2F2E07D2D700F9FA33 /* PBXContainerItemProxy */ = {
			isa = PBXContainerItemProxy;
			containerPortal = A3B7C3232E0303A7003E2198 /* Project object */;
			proxyType = 1;
			remoteGlobalIDString = A3068D262E07D2D700F9FA33;
			remoteInfo = NoteBrainShareExtension;
		};
		A3B7C3402E0303A9003E2198 /* PBXContainerItemProxy */ = {
			isa = PBXContainerItemProxy;
			containerPortal = A3B7C3232E0303A7003E2198 /* Project object */;
			proxyType = 1;
			remoteGlobalIDString = A3B7C32A2E0303A7003E2198;
			remoteInfo = NoteBrain;
		};
		A3B7C34A2E0303A9003E2198 /* PBXContainerItemProxy */ = {
			isa = PBXContainerItemProxy;
			containerPortal = A3B7C3232E0303A7003E2198 /* Project object */;
			proxyType = 1;
			remoteGlobalIDString = A3B7C32A2E0303A7003E2198;
			remoteInfo = NoteBrain;
		};
/* End PBXContainerItemProxy section */

/* Begin PBXCopyFilesBuildPhase section */
		A3068D362E07D2D700F9FA33 /* Embed Foundation Extensions */ = {
			isa = PBXCopyFilesBuildPhase;
			buildActionMask = 2147483647;
			dstPath = "";
			dstSubfolderSpec = 13;
			files = (
				A3068D312E07D2D700F9FA33 /* NoteBrainShareExtension.appex in Embed Foundation Extensions */,
			);
			name = "Embed Foundation Extensions";
			runOnlyForDeploymentPostprocessing = 0;
		};
/* End PBXCopyFilesBuildPhase section */

/* Begin PBXFileReference section */
		A3068D272E07D2D700F9FA33 /* NoteBrainShareExtension.appex */ = {isa = PBXFileReference; explicitFileType = "wrapper.app-extension"; includeInIndex = 0; path = NoteBrainShareExtension.appex; sourceTree = BUILT_PRODUCTS_DIR; };
		A3B7C32B2E0303A7003E2198 /* NoteBrain.app */ = {isa = PBXFileReference; explicitFileType = wrapper.application; includeInIndex = 0; path = NoteBrain.app; sourceTree = BUILT_PRODUCTS_DIR; };
		A3B7C33F2E0303A9003E2198 /* NoteBrainTests.xctest */ = {isa = PBXFileReference; explicitFileType = wrapper.cfbundle; includeInIndex = 0; path = NoteBrainTests.xctest; sourceTree = BUILT_PRODUCTS_DIR; };
		A3B7C3492E0303A9003E2198 /* NoteBrainUITests.xctest */ = {isa = PBXFileReference; explicitFileType = wrapper.cfbundle; includeInIndex = 0; path = NoteBrainUITests.xctest; sourceTree = BUILT_PRODUCTS_DIR; };
/* End PBXFileReference section */

/* Begin PBXFileSystemSynchronizedBuildFileExceptionSet section */
		A3068D352E07D2D700F9FA33 /* Exceptions for "NoteBrainShareExtension" folder in "NoteBrainShareExtension" target */ = {
			isa = PBXFileSystemSynchronizedBuildFileExceptionSet;
			membershipExceptions = (
				Info.plist,
			);
			target = A3068D262E07D2D700F9FA33 /* NoteBrainShareExtension */;
		};
		A3B7C3512E0303A9003E2198 /* Exceptions for "NoteBrain" folder in "NoteBrain" target */ = {
			isa = PBXFileSystemSynchronizedBuildFileExceptionSet;
			membershipExceptions = (
				Info.plist,
			);
			target = A3B7C32A2E0303A7003E2198 /* NoteBrain */;
		};
/* End PBXFileSystemSynchronizedBuildFileExceptionSet section */

/* Begin PBXFileSystemSynchronizedRootGroup section */
		A3068D282E07D2D700F9FA33 /* NoteBrainShareExtension */ = {
			isa = PBXFileSystemSynchronizedRootGroup;
			exceptions = (
				A3068D352E07D2D700F9FA33 /* Exceptions for "NoteBrainShareExtension" folder in "NoteBrainShareExtension" target */,
			);
			path = NoteBrainShareExtension;
			sourceTree = "<group>";
		};
		A3B7C32D2E0303A7003E2198 /* NoteBrain */ = {
			isa = PBXFileSystemSynchronizedRootGroup;
			exceptions = (
				A3B7C3512E0303A9003E2198 /* Exceptions for "NoteBrain" folder in "NoteBrain" target */,
			);
			path = NoteBrain;
			sourceTree = "<group>";
		};
		A3B7C3422E0303A9003E2198 /* NoteBrainTests */ = {
			isa = PBXFileSystemSynchronizedRootGroup;
			path = NoteBrainTests;
			sourceTree = "<group>";
		};
		A3B7C34C2E0303A9003E2198 /* NoteBrainUITests */ = {
			isa = PBXFileSystemSynchronizedRootGroup;
			path = NoteBrainUITests;
			sourceTree = "<group>";
		};
/* End PBXFileSystemSynchronizedRootGroup section */

/* Begin PBXFrameworksBuildPhase section */
		A3068D242E07D2D700F9FA33 /* Frameworks */ = {
			isa = PBXFrameworksBuildPhase;
			buildActionMask = 2147483647;
			files = (
			);
			runOnlyForDeploymentPostprocessing = 0;
		};
		A3B7C3282E0303A7003E2198 /* Frameworks */ = {
			isa = PBXFrameworksBuildPhase;
			buildActionMask = 2147483647;
			files = (
			);
			runOnlyForDeploymentPostprocessing = 0;
		};
		A3B7C33C2E0303A9003E2198 /* Frameworks */ = {
			isa = PBXFrameworksBuildPhase;
			buildActionMask = 2147483647;
			files = (
			);
			runOnlyForDeploymentPostprocessing = 0;
		};
		A3B7C3462E0303A9003E2198 /* Frameworks */ = {
			isa = PBXFrameworksBuildPhase;
			buildActionMask = 2147483647;
			files = (
			);
			runOnlyForDeploymentPostprocessing = 0;
		};
/* End PBXFrameworksBuildPhase section */

/* Begin PBXGroup section */
		A3B7C3222E0303A7003E2198 = {
			isa = PBXGroup;
			children = (
				A3B7C32D2E0303A7003E2198 /* NoteBrain */,
				A3B7C3422E0303A9003E2198 /* NoteBrainTests */,
				A3B7C34C2E0303A9003E2198 /* NoteBrainUITests */,
				A3068D282E07D2D700F9FA33 /* NoteBrainShareExtension */,
				A3B7C32C2E0303A7003E2198 /* Products */,
			);
			sourceTree = "<group>";
		};
		A3B7C32C2E0303A7003E2198 /* Products */ = {
			isa = PBXGroup;
			children = (
				A3B7C32B2E0303A7003E2198 /* NoteBrain.app */,
				A3B7C33F2E0303A9003E2198 /* NoteBrainTests.xctest */,
				A3B7C3492E0303A9003E2198 /* NoteBrainUITests.xctest */,
				A3068D272E07D2D700F9FA33 /* NoteBrainShareExtension.appex */,
			);
			name = Products;
			sourceTree = "<group>";
		};
/* End PBXGroup section */

/* Begin PBXNativeTarget section */
		A3068D262E07D2D700F9FA33 /* NoteBrainShareExtension */ = {
			isa = PBXNativeTarget;
			buildConfigurationList = A3068D322E07D2D700F9FA33 /* Build configuration list for PBXNativeTarget "NoteBrainShareExtension" */;
			buildPhases = (
				A3068D232E07D2D700F9FA33 /* Sources */,
				A3068D242E07D2D700F9FA33 /* Frameworks */,
				A3068D252E07D2D700F9FA33 /* Resources */,
			);
			buildRules = (
			);
			dependencies = (
			);
			fileSystemSynchronizedGroups = (
				A3068D282E07D2D700F9FA33 /* NoteBrainShareExtension */,
			);
			name = NoteBrainShareExtension;
			packageProductDependencies = (
			);
			productName = NoteBrainShareExtension;
			productReference = A3068D272E07D2D700F9FA33 /* NoteBrainShareExtension.appex */;
			productType = "com.apple.product-type.app-extension";
		};
		A3B7C32A2E0303A7003E2198 /* NoteBrain */ = {
			isa = PBXNativeTarget;
			buildConfigurationList = A3B7C3522E0303A9003E2198 /* Build configuration list for PBXNativeTarget "NoteBrain" */;
			buildPhases = (
				A3B7C3272E0303A7003E2198 /* Sources */,
				A3B7C3282E0303A7003E2198 /* Frameworks */,
				A3B7C3292E0303A7003E2198 /* Resources */,
				A3068D362E07D2D700F9FA33 /* Embed Foundation Extensions */,
			);
			buildRules = (
			);
			dependencies = (
				A3068D302E07D2D700F9FA33 /* PBXTargetDependency */,
			);
			fileSystemSynchronizedGroups = (
				A3B7C32D2E0303A7003E2198 /* NoteBrain */,
			);
			name = NoteBrain;
			packageProductDependencies = (
			);
			productName = NoteBrain;
			productReference = A3B7C32B2E0303A7003E2198 /* NoteBrain.app */;
			productType = "com.apple.product-type.application";
		};
		A3B7C33E2E0303A9003E2198 /* NoteBrainTests */ = {
			isa = PBXNativeTarget;
			buildConfigurationList = A3B7C3572E0303A9003E2198 /* Build configuration list for PBXNativeTarget "NoteBrainTests" */;
			buildPhases = (
				A3B7C33B2E0303A9003E2198 /* Sources */,
				A3B7C33C2E0303A9003E2198 /* Frameworks */,
				A3B7C33D2E0303A9003E2198 /* Resources */,
			);
			buildRules = (
			);
			dependencies = (
				A3B7C3412E0303A9003E2198 /* PBXTargetDependency */,
			);
			fileSystemSynchronizedGroups = (
				A3B7C3422E0303A9003E2198 /* NoteBrainTests */,
			);
			name = NoteBrainTests;
			packageProductDependencies = (
			);
			productName = NoteBrainTests;
			productReference = A3B7C33F2E0303A9003E2198 /* NoteBrainTests.xctest */;
			productType = "com.apple.product-type.bundle.unit-test";
		};
		A3B7C3482E0303A9003E2198 /* NoteBrainUITests */ = {
			isa = PBXNativeTarget;
			buildConfigurationList = A3B7C35A2E0303A9003E2198 /* Build configuration list for PBXNativeTarget "NoteBrainUITests" */;
			buildPhases = (
				A3B7C3452E0303A9003E2198 /* Sources */,
				A3B7C3462E0303A9003E2198 /* Frameworks */,
				A3B7C3472E0303A9003E2198 /* Resources */,
			);
			buildRules = (
			);
			dependencies = (
				A3B7C34B2E0303A9003E2198 /* PBXTargetDependency */,
			);
			fileSystemSynchronizedGroups = (
				A3B7C34C2E0303A9003E2198 /* NoteBrainUITests */,
			);
			name = NoteBrainUITests;
			packageProductDependencies = (
			);
			productName = NoteBrainUITests;
			productReference = A3B7C3492E0303A9003E2198 /* NoteBrainUITests.xctest */;
			productType = "com.apple.product-type.bundle.ui-testing";
		};
/* End PBXNativeTarget section */

/* Begin PBXProject section */
		A3B7C3232E0303A7003E2198 /* Project object */ = {
			isa = PBXProject;
			attributes = {
				BuildIndependentTargetsInParallel = 1;
				LastSwiftUpdateCheck = 1640;
				LastUpgradeCheck = 1640;
				TargetAttributes = {
					A3068D262E07D2D700F9FA33 = {
						CreatedOnToolsVersion = 16.4;
					};
					A3B7C32A2E0303A7003E2198 = {
						CreatedOnToolsVersion = 16.4;
					};
					A3B7C33E2E0303A9003E2198 = {
						CreatedOnToolsVersion = 16.4;
						TestTargetID = A3B7C32A2E0303A7003E2198;
					};
					A3B7C3482E0303A9003E2198 = {
						CreatedOnToolsVersion = 16.4;
						TestTargetID = A3B7C32A2E0303A7003E2198;
					};
				};
			};
			buildConfigurationList = A3B7C3262E0303A7003E2198 /* Build configuration list for PBXProject "NoteBrain" */;
			developmentRegion = en;
			hasScannedForEncodings = 0;
			knownRegions = (
				en,
				Base,
			);
			mainGroup = A3B7C3222E0303A7003E2198;
			minimizedProjectReferenceProxies = 1;
			preferredProjectObjectVersion = 77;
			productRefGroup = A3B7C32C2E0303A7003E2198 /* Products */;
			projectDirPath = "";
			projectRoot = "";
			targets = (
				A3B7C32A2E0303A7003E2198 /* NoteBrain */,
				A3B7C33E2E0303A9003E2198 /* NoteBrainTests */,
				A3B7C3482E0303A9003E2198 /* NoteBrainUITests */,
				A3068D262E07D2D700F9FA33 /* NoteBrainShareExtension */,
			);
		};
/* End PBXProject section */

/* Begin PBXResourcesBuildPhase section */
		A3068D252E07D2D700F9FA33 /* Resources */ = {
			isa = PBXResourcesBuildPhase;
			buildActionMask = 2147483647;
			files = (
			);
			runOnlyForDeploymentPostprocessing = 0;
		};
		A3B7C3292E0303A7003E2198 /* Resources */ = {
			isa = PBXResourcesBuildPhase;
			buildActionMask = 2147483647;
			files = (
			);
			runOnlyForDeploymentPostprocessing = 0;
		};
		A3B7C33D2E0303A9003E2198 /* Resources */ = {
			isa = PBXResourcesBuildPhase;
			buildActionMask = 2147483647;
			files = (
			);
			runOnlyForDeploymentPostprocessing = 0;
		};
		A3B7C3472E0303A9003E2198 /* Resources */ = {
			isa = PBXResourcesBuildPhase;
			buildActionMask = 2147483647;
			files = (
			);
			runOnlyForDeploymentPostprocessing = 0;
		};
/* End PBXResourcesBuildPhase section */

/* Begin PBXSourcesBuildPhase section */
		A3068D232E07D2D700F9FA33 /* Sources */ = {
			isa = PBXSourcesBuildPhase;
			buildActionMask = 2147483647;
			files = (
			);
			runOnlyForDeploymentPostprocessing = 0;
		};
		A3B7C3272E0303A7003E2198 /* Sources */ = {
			isa = PBXSourcesBuildPhase;
			buildActionMask = 2147483647;
			files = (
			);
			runOnlyForDeploymentPostprocessing = 0;
		};
		A3B7C33B2E0303A9003E2198 /* Sources */ = {
			isa = PBXSourcesBuildPhase;
			buildActionMask = 2147483647;
			files = (
			);
			runOnlyForDeploymentPostprocessing = 0;
		};
		A3B7C3452E0303A9003E2198 /* Sources */ = {
			isa = PBXSourcesBuildPhase;
			buildActionMask = 2147483647;
			files = (
			);
			runOnlyForDeploymentPostprocessing = 0;
		};
/* End PBXSourcesBuildPhase section */

/* Begin PBXTargetDependency section */
		A3068D302E07D2D700F9FA33 /* PBXTargetDependency */ = {
			isa = PBXTargetDependency;
			target = A3068D262E07D2D700F9FA33 /* NoteBrainShareExtension */;
			targetProxy = A3068D2F2E07D2D700F9FA33 /* PBXContainerItemProxy */;
		};
		A3B7C3412E0303A9003E2198 /* PBXTargetDependency */ = {
			isa = PBXTargetDependency;
			target = A3B7C32A2E0303A7003E2198 /* NoteBrain */;
			targetProxy = A3B7C3402E0303A9003E2198 /* PBXContainerItemProxy */;
		};
		A3B7C34B2E0303A9003E2198 /* PBXTargetDependency */ = {
			isa = PBXTargetDependency;
			target = A3B7C32A2E0303A7003E2198 /* NoteBrain */;
			targetProxy = A3B7C34A2E0303A9003E2198 /* PBXContainerItemProxy */;
		};
/* End PBXTargetDependency section */

/* Begin XCBuildConfiguration section */
		A3068D332E07D2D700F9FA33 /* Debug */ = {
			isa = XCBuildConfiguration;
			buildSettings = {
				CODE_SIGN_ENTITLEMENTS = NoteBrainShareExtension/NoteBrainShareExtension.entitlements;
				CODE_SIGN_IDENTITY = "Apple Development";
				CODE_SIGN_STYLE = Automatic;
				CURRENT_PROJECT_VERSION = 1.1.5;
				DEVELOPMENT_TEAM = PNKZN48WK4;
				GENERATE_INFOPLIST_FILE = YES;
				INFOPLIST_FILE = NoteBrainShareExtension/Info.plist;
				INFOPLIST_KEY_CFBundleDisplayName = NoteBrainShareExtension;
				INFOPLIST_KEY_NSHumanReadableCopyright = "";
				LD_RUNPATH_SEARCH_PATHS = (
					"$(inherited)",
					"@executable_path/Frameworks",
					"@executable_path/../../Frameworks",
				);
				MARKETING_VERSION = 1.1.5;
				PRODUCT_BUNDLE_IDENTIFIER = group.kait.dev.NoteBrain.NoteBrainShareExtension;
				PRODUCT_NAME = "$(TARGET_NAME)";
				SKIP_INSTALL = YES;
				SWIFT_EMIT_LOC_STRINGS = YES;
				SWIFT_VERSION = 5.0;
				TARGETED_DEVICE_FAMILY = "1,2";
			};
			name = Debug;
		};
		A3068D342E07D2D700F9FA33 /* Release */ = {
			isa = XCBuildConfiguration;
			buildSettings = {
				CODE_SIGN_ENTITLEMENTS = NoteBrainShareExtension/NoteBrainShareExtension.entitlements;
				CODE_SIGN_IDENTITY = "Apple Development";
				CODE_SIGN_STYLE = Automatic;
				CURRENT_PROJECT_VERSION = 1.1.5;
				DEVELOPMENT_TEAM = PNKZN48WK4;
				GENERATE_INFOPLIST_FILE = YES;
				INFOPLIST_FILE = NoteBrainShareExtension/Info.plist;
				INFOPLIST_KEY_CFBundleDisplayName = NoteBrainShareExtension;
				INFOPLIST_KEY_NSHumanReadableCopyright = "";
				LD_RUNPATH_SEARCH_PATHS = (
					"$(inherited)",
					"@executable_path/Frameworks",
					"@executable_path/../../Frameworks",
				);
				MARKETING_VERSION = 1.1.5;
				PRODUCT_BUNDLE_IDENTIFIER = group.kait.dev.NoteBrain.NoteBrainShareExtension;
				PRODUCT_NAME = "$(TARGET_NAME)";
				SKIP_INSTALL = YES;
				SWIFT_EMIT_LOC_STRINGS = YES;
				SWIFT_VERSION = 5.0;
				TARGETED_DEVICE_FAMILY = "1,2";
			};
			name = Release;
		};
		A3B7C3532E0303A9003E2198 /* Debug */ = {
			isa = XCBuildConfiguration;
			buildSettings = {
				ASSETCATALOG_COMPILER_APPICON_NAME = AppIcon;
				ASSETCATALOG_COMPILER_GLOBAL_ACCENT_COLOR_NAME = AccentColor;
				CODE_SIGN_ENTITLEMENTS = NoteBrain/NoteBrain.entitlements;
				CODE_SIGN_IDENTITY = "Apple Development";
				CODE_SIGN_STYLE = Automatic;
				CURRENT_PROJECT_VERSION = 1.1.5;
				DEVELOPMENT_TEAM = PNKZN48WK4;
				ENABLE_PREVIEWS = YES;
				GENERATE_INFOPLIST_FILE = YES;
				INFOPLIST_FILE = NoteBrain/Info.plist;
				INFOPLIST_KEY_CFBundleDisplayName = Brain;
				INFOPLIST_KEY_LSApplicationCategoryType = "public.app-category.productivity";
				INFOPLIST_KEY_UIApplicationSceneManifest_Generation = YES;
				INFOPLIST_KEY_UIApplicationSupportsIndirectInputEvents = YES;
				INFOPLIST_KEY_UILaunchScreen_Generation = YES;
				INFOPLIST_KEY_UISupportedInterfaceOrientations_iPad = "UIInterfaceOrientationPortrait UIInterfaceOrientationPortraitUpsideDown UIInterfaceOrientationLandscapeLeft UIInterfaceOrientationLandscapeRight";
				INFOPLIST_KEY_UISupportedInterfaceOrientations_iPhone = "UIInterfaceOrientationPortrait UIInterfaceOrientationLandscapeLeft UIInterfaceOrientationLandscapeRight";
				LD_RUNPATH_SEARCH_PATHS = (
					"$(inherited)",
					"@executable_path/Frameworks",
				);
				MARKETING_VERSION = 1.1.5;
				PRODUCT_BUNDLE_IDENTIFIER = group.kait.dev.NoteBrain;
				PRODUCT_NAME = "$(TARGET_NAME)";
				PROVISIONING_PROFILE_SPECIFIER = "";
				SWIFT_EMIT_LOC_STRINGS = YES;
				SWIFT_VERSION = 5.0;
				TARGETED_DEVICE_FAMILY = "1,2";
			};
			name = Debug;
		};
		A3B7C3542E0303A9003E2198 /* Release */ = {
			isa = XCBuildConfiguration;
			buildSettings = {
				ASSETCATALOG_COMPILER_APPICON_NAME = AppIcon;
				ASSETCATALOG_COMPILER_GLOBAL_ACCENT_COLOR_NAME = AccentColor;
				CODE_SIGN_ENTITLEMENTS = NoteBrain/NoteBrain.entitlements;
				CODE_SIGN_IDENTITY = "Apple Development";
				CODE_SIGN_STYLE = Automatic;
				CURRENT_PROJECT_VERSION = 1.1.5;
				DEVELOPMENT_TEAM = PNKZN48WK4;
				ENABLE_PREVIEWS = YES;
				GENERATE_INFOPLIST_FILE = YES;
				INFOPLIST_FILE = NoteBrain/Info.plist;
				INFOPLIST_KEY_CFBundleDisplayName = Brain;
				INFOPLIST_KEY_LSApplicationCategoryType = "public.app-category.productivity";
				INFOPLIST_KEY_UIApplicationSceneManifest_Generation = YES;
				INFOPLIST_KEY_UIApplicationSupportsIndirectInputEvents = YES;
				INFOPLIST_KEY_UILaunchScreen_Generation = YES;
				INFOPLIST_KEY_UISupportedInterfaceOrientations_iPad = "UIInterfaceOrientationPortrait UIInterfaceOrientationPortraitUpsideDown UIInterfaceOrientationLandscapeLeft UIInterfaceOrientationLandscapeRight";
				INFOPLIST_KEY_UISupportedInterfaceOrientations_iPhone = "UIInterfaceOrientationPortrait UIInterfaceOrientationLandscapeLeft UIInterfaceOrientationLandscapeRight";
				LD_RUNPATH_SEARCH_PATHS = (
					"$(inherited)",
					"@executable_path/Frameworks",
				);
				MARKETING_VERSION = 1.1.5;
				PRODUCT_BUNDLE_IDENTIFIER = group.kait.dev.NoteBrain;
				PRODUCT_NAME = "$(TARGET_NAME)";
				PROVISIONING_PROFILE_SPECIFIER = "";
				SWIFT_EMIT_LOC_STRINGS = YES;
				SWIFT_VERSION = 5.0;
				TARGETED_DEVICE_FAMILY = "1,2";
			};
			name = Release;
		};
		A3B7C3552E0303A9003E2198 /* Debug */ = {
			isa = XCBuildConfiguration;
			buildSettings = {
				ALWAYS_SEARCH_USER_PATHS = NO;
				ASSETCATALOG_COMPILER_GENERATE_SWIFT_ASSET_SYMBOL_EXTENSIONS = YES;
				CLANG_ANALYZER_NONNULL = YES;
				CLANG_ANALYZER_NUMBER_OBJECT_CONVERSION = YES_AGGRESSIVE;
				CLANG_CXX_LANGUAGE_STANDARD = "gnu++20";
				CLANG_ENABLE_MODULES = YES;
				CLANG_ENABLE_OBJC_ARC = YES;
				CLANG_ENABLE_OBJC_WEAK = YES;
				CLANG_WARN_BLOCK_CAPTURE_AUTORELEASING = YES;
				CLANG_WARN_BOOL_CONVERSION = YES;
				CLANG_WARN_COMMA = YES;
				CLANG_WARN_CONSTANT_CONVERSION = YES;
				CLANG_WARN_DEPRECATED_OBJC_IMPLEMENTATIONS = YES;
				CLANG_WARN_DIRECT_OBJC_ISA_USAGE = YES_ERROR;
				CLANG_WARN_DOCUMENTATION_COMMENTS = YES;
				CLANG_WARN_EMPTY_BODY = YES;
				CLANG_WARN_ENUM_CONVERSION = YES;
				CLANG_WARN_INFINITE_RECURSION = YES;
				CLANG_WARN_INT_CONVERSION = YES;
				CLANG_WARN_NON_LITERAL_NULL_CONVERSION = YES;
				CLANG_WARN_OBJC_IMPLICIT_RETAIN_SELF = YES;
				CLANG_WARN_OBJC_LITERAL_CONVERSION = YES;
				CLANG_WARN_OBJC_ROOT_CLASS = YES_ERROR;
				CLANG_WARN_QUOTED_INCLUDE_IN_FRAMEWORK_HEADER = YES;
				CLANG_WARN_RANGE_LOOP_ANALYSIS = YES;
				CLANG_WARN_STRICT_PROTOTYPES = YES;
				CLANG_WARN_SUSPICIOUS_MOVE = YES;
				CLANG_WARN_UNGUARDED_AVAILABILITY = YES_AGGRESSIVE;
				CLANG_WARN_UNREACHABLE_CODE = YES;
				CLANG_WARN__DUPLICATE_METHOD_MATCH = YES;
				COPY_PHASE_STRIP = NO;
				DEBUG_INFORMATION_FORMAT = dwarf;
				ENABLE_STRICT_OBJC_MSGSEND = YES;
				ENABLE_TESTABILITY = YES;
				ENABLE_USER_SCRIPT_SANDBOXING = YES;
				GCC_C_LANGUAGE_STANDARD = gnu17;
				GCC_DYNAMIC_NO_PIC = NO;
				GCC_NO_COMMON_BLOCKS = YES;
				GCC_OPTIMIZATION_LEVEL = 0;
				GCC_PREPROCESSOR_DEFINITIONS = (
					"DEBUG=1",
					"$(inherited)",
				);
				GCC_WARN_64_TO_32_BIT_CONVERSION = YES;
				GCC_WARN_ABOUT_RETURN_TYPE = YES_ERROR;
				GCC_WARN_UNDECLARED_SELECTOR = YES;
				GCC_WARN_UNINITIALIZED_AUTOS = YES_AGGRESSIVE;
				GCC_WARN_UNUSED_FUNCTION = YES;
				GCC_WARN_UNUSED_VARIABLE = YES;
				IPHONEOS_DEPLOYMENT_TARGET = 18.5;
				LOCALIZATION_PREFERS_STRING_CATALOGS = YES;
				MTL_ENABLE_DEBUG_INFO = INCLUDE_SOURCE;
				MTL_FAST_MATH = YES;
				ONLY_ACTIVE_ARCH = YES;
				SDKROOT = iphoneos;
				SWIFT_ACTIVE_COMPILATION_CONDITIONS = "DEBUG $(inherited)";
				SWIFT_OPTIMIZATION_LEVEL = "-Onone";
			};
			name = Debug;
		};
		A3B7C3562E0303A9003E2198 /* Release */ = {
			isa = XCBuildConfiguration;
			buildSettings = {
				ALWAYS_SEARCH_USER_PATHS = NO;
				ASSETCATALOG_COMPILER_GENERATE_SWIFT_ASSET_SYMBOL_EXTENSIONS = YES;
				CLANG_ANALYZER_NONNULL = YES;
				CLANG_ANALYZER_NUMBER_OBJECT_CONVERSION = YES_AGGRESSIVE;
				CLANG_CXX_LANGUAGE_STANDARD = "gnu++20";
				CLANG_ENABLE_MODULES = YES;
				CLANG_ENABLE_OBJC_ARC = YES;
				CLANG_ENABLE_OBJC_WEAK = YES;
				CLANG_WARN_BLOCK_CAPTURE_AUTORELEASING = YES;
				CLANG_WARN_BOOL_CONVERSION = YES;
				CLANG_WARN_COMMA = YES;
				CLANG_WARN_CONSTANT_CONVERSION = YES;
				CLANG_WARN_DEPRECATED_OBJC_IMPLEMENTATIONS = YES;
				CLANG_WARN_DIRECT_OBJC_ISA_USAGE = YES_ERROR;
				CLANG_WARN_DOCUMENTATION_COMMENTS = YES;
				CLANG_WARN_EMPTY_BODY = YES;
				CLANG_WARN_ENUM_CONVERSION = YES;
				CLANG_WARN_INFINITE_RECURSION = YES;
				CLANG_WARN_INT_CONVERSION = YES;
				CLANG_WARN_NON_LITERAL_NULL_CONVERSION = YES;
				CLANG_WARN_OBJC_IMPLICIT_RETAIN_SELF = YES;
				CLANG_WARN_OBJC_LITERAL_CONVERSION = YES;
				CLANG_WARN_OBJC_ROOT_CLASS = YES_ERROR;
				CLANG_WARN_QUOTED_INCLUDE_IN_FRAMEWORK_HEADER = YES;
				CLANG_WARN_RANGE_LOOP_ANALYSIS = YES;
				CLANG_WARN_STRICT_PROTOTYPES = YES;
				CLANG_WARN_SUSPICIOUS_MOVE = YES;
				CLANG_WARN_UNGUARDED_AVAILABILITY = YES_AGGRESSIVE;
				CLANG_WARN_UNREACHABLE_CODE = YES;
				CLANG_WARN__DUPLICATE_METHOD_MATCH = YES;
				COPY_PHASE_STRIP = NO;
				DEBUG_INFORMATION_FORMAT = "dwarf-with-dsym";
				ENABLE_NS_ASSERTIONS = NO;
				ENABLE_STRICT_OBJC_MSGSEND = YES;
				ENABLE_USER_SCRIPT_SANDBOXING = YES;
				GCC_C_LANGUAGE_STANDARD = gnu17;
				GCC_NO_COMMON_BLOCKS = YES;
				GCC_WARN_64_TO_32_BIT_CONVERSION = YES;
				GCC_WARN_ABOUT_RETURN_TYPE = YES_ERROR;
				GCC_WARN_UNDECLARED_SELECTOR = YES;
				GCC_WARN_UNINITIALIZED_AUTOS = YES_AGGRESSIVE;
				GCC_WARN_UNUSED_FUNCTION = YES;
				GCC_WARN_UNUSED_VARIABLE = YES;
				IPHONEOS_DEPLOYMENT_TARGET = 18.5;
				LOCALIZATION_PREFERS_STRING_CATALOGS = YES;
				MTL_ENABLE_DEBUG_INFO = NO;
				MTL_FAST_MATH = YES;
				SDKROOT = iphoneos;
				SWIFT_COMPILATION_MODE = wholemodule;
				VALIDATE_PRODUCT = YES;
			};
			name = Release;
		};
		A3B7C3582E0303A9003E2198 /* Debug */ = {
			isa = XCBuildConfiguration;
			buildSettings = {
				BUNDLE_LOADER = "$(TEST_HOST)";
				CODE_SIGN_STYLE = Automatic;
				CURRENT_PROJECT_VERSION = 1;
				GENERATE_INFOPLIST_FILE = YES;
				IPHONEOS_DEPLOYMENT_TARGET = 18.5;
				MARKETING_VERSION = 1.0;
				PRODUCT_BUNDLE_IDENTIFIER = kait.dev.NoteBrainTests;
				PRODUCT_NAME = "$(TARGET_NAME)";
				SWIFT_EMIT_LOC_STRINGS = NO;
				SWIFT_VERSION = 5.0;
				TARGETED_DEVICE_FAMILY = "1,2";
				TEST_HOST = "$(BUILT_PRODUCTS_DIR)/NoteBrain.app/$(BUNDLE_EXECUTABLE_FOLDER_PATH)/NoteBrain";
			};
			name = Debug;
		};
		A3B7C3592E0303A9003E2198 /* Release */ = {
			isa = XCBuildConfiguration;
			buildSettings = {
				BUNDLE_LOADER = "$(TEST_HOST)";
				CODE_SIGN_STYLE = Automatic;
				CURRENT_PROJECT_VERSION = 1;
				GENERATE_INFOPLIST_FILE = YES;
				IPHONEOS_DEPLOYMENT_TARGET = 18.5;
				MARKETING_VERSION = 1.0;
				PRODUCT_BUNDLE_IDENTIFIER = kait.dev.NoteBrainTests;
				PRODUCT_NAME = "$(TARGET_NAME)";
				SWIFT_EMIT_LOC_STRINGS = NO;
				SWIFT_VERSION = 5.0;
				TARGETED_DEVICE_FAMILY = "1,2";
				TEST_HOST = "$(BUILT_PRODUCTS_DIR)/NoteBrain.app/$(BUNDLE_EXECUTABLE_FOLDER_PATH)/NoteBrain";
			};
			name = Release;
		};
		A3B7C35B2E0303A9003E2198 /* Debug */ = {
			isa = XCBuildConfiguration;
			buildSettings = {
				CODE_SIGN_STYLE = Automatic;
				CURRENT_PROJECT_VERSION = 1;
				GENERATE_INFOPLIST_FILE = YES;
				MARKETING_VERSION = 1.0;
				PRODUCT_BUNDLE_IDENTIFIER = kait.dev.NoteBrainUITests;
				PRODUCT_NAME = "$(TARGET_NAME)";
				SWIFT_EMIT_LOC_STRINGS = NO;
				SWIFT_VERSION = 5.0;
				TARGETED_DEVICE_FAMILY = "1,2";
				TEST_TARGET_NAME = NoteBrain;
			};
			name = Debug;
		};
		A3B7C35C2E0303A9003E2198 /* Release */ = {
			isa = XCBuildConfiguration;
			buildSettings = {
				CODE_SIGN_STYLE = Automatic;
				CURRENT_PROJECT_VERSION = 1;
				GENERATE_INFOPLIST_FILE = YES;
				MARKETING_VERSION = 1.0;
				PRODUCT_BUNDLE_IDENTIFIER = kait.dev.NoteBrainUITests;
				PRODUCT_NAME = "$(TARGET_NAME)";
				SWIFT_EMIT_LOC_STRINGS = NO;
				SWIFT_VERSION = 5.0;
				TARGETED_DEVICE_FAMILY = "1,2";
				TEST_TARGET_NAME = NoteBrain;
			};
			name = Release;
		};
/* End XCBuildConfiguration section */

/* Begin XCConfigurationList section */
		A3068D322E07D2D700F9FA33 /* Build configuration list for PBXNativeTarget "NoteBrainShareExtension" */ = {
			isa = XCConfigurationList;
			buildConfigurations = (
				A3068D332E07D2D700F9FA33 /* Debug */,
				A3068D342E07D2D700F9FA33 /* Release */,
			);
			defaultConfigurationIsVisible = 0;
			defaultConfigurationName = Release;
		};
		A3B7C3262E0303A7003E2198 /* Build configuration list for PBXProject "NoteBrain" */ = {
			isa = XCConfigurationList;
			buildConfigurations = (
				A3B7C3552E0303A9003E2198 /* Debug */,
				A3B7C3562E0303A9003E2198 /* Release */,
			);
			defaultConfigurationIsVisible = 0;
			defaultConfigurationName = Release;
		};
		A3B7C3522E0303A9003E2198 /* Build configuration list for PBXNativeTarget "NoteBrain" */ = {
			isa = XCConfigurationList;
			buildConfigurations = (
				A3B7C3532E0303A9003E2198 /* Debug */,
				A3B7C3542E0303A9003E2198 /* Release */,
			);
			defaultConfigurationIsVisible = 0;
			defaultConfigurationName = Release;
		};
		A3B7C3572E0303A9003E2198 /* Build configuration list for PBXNativeTarget "NoteBrainTests" */ = {
			isa = XCConfigurationList;
			buildConfigurations = (
				A3B7C3582E0303A9003E2198 /* Debug */,
				A3B7C3592E0303A9003E2198 /* Release */,
			);
			defaultConfigurationIsVisible = 0;
			defaultConfigurationName = Release;
		};
		A3B7C35A2E0303A9003E2198 /* Build configuration list for PBXNativeTarget "NoteBrainUITests" */ = {
			isa = XCConfigurationList;
			buildConfigurations = (
				A3B7C35B2E0303A9003E2198 /* Debug */,
				A3B7C35C2E0303A9003E2198 /* Release */,
			);
			defaultConfigurationIsVisible = 0;
			defaultConfigurationName = Release;
		};
/* End XCConfigurationList section */
	};
	rootObject = A3B7C3232E0303A7003E2198 /* Project object */;
}
